
Microsoft Visual Studio Solution File, Format Version 12.00
# Visual Studio 2012
Project("{FAE04EC0-301F-11D3-BF4B-00C04F79EFBC}") = "HelloWebApi", "HelloWebApi\HelloWebApi.csproj", "{93ABAB2E-11E4-4009-AFA6-94DB49D3E2B3}"
EndProject
Global
	GlobalSection(SolutionConfigurationPlatforms) = preSolution
		Debug|Any CPU = Debug|Any CPU
		Release|Any CPU = Release|Any CPU
	EndGlobalSection
	GlobalSection(ProjectConfigurationPlatforms) = postSolution
		{93ABAB2E-11E4-4009-AFA6-94DB49D3E2B3}.Debug|Any CPU.ActiveCfg = Debug|Any CPU
		{93ABAB2E-11E4-4009-AFA6-94DB49D3E2B3}.Debug|Any CPU.Build.0 = Debug|Any CPU
		{93ABAB2E-11E4-4009-AFA6-94DB49D3E2B3}.Release|Any CPU.ActiveCfg = Release|Any CPU
		{93ABAB2E-11E4-4009-AFA6-94DB49D3E2B3}.Release|Any CPU.Build.0 = Release|Any CPU
	EndGlobalSection
	GlobalSection(SolutionProperties) = preSolution
		HideSolutionNode = FALSE
	EndGlobalSection
EndGlobal
